
Microsoft Visual Studio Solution File, Format Version 12.00
# Visual Studio Version 17
VisualStudioVersion = 17.6.33829.357
MinimumVisualStudioVersion = 10.0.40219.1
Project("{FAE04EC0-301F-11D3-BF4B-00C04F79EFBC}") = "hwLesson4", "hwLesson4.csproj", "{6565CAEA-0323-43BF-9AE9-19AD7D99D94A}"
EndProject
Global
	GlobalSection(SolutionConfigurationPlatforms) = preSolution
		Debug|Any CPU = Debug|Any CPU
		Release|Any CPU = Release|Any CPU
	EndGlobalSection
	GlobalSection(ProjectConfigurationPlatforms) = postSolution
		{6565CAEA-0323-43BF-9AE9-19AD7D99D94A}.Debug|Any CPU.ActiveCfg = Debug|Any CPU
		{6565CAEA-0323-43BF-9AE9-19AD7D99D94A}.Debug|Any CPU.Build.0 = Debug|Any CPU
		{6565CAEA-0323-43BF-9AE9-19AD7D99D94A}.Release|Any CPU.ActiveCfg = Release|Any CPU
		{6565CAEA-0323-43BF-9AE9-19AD7D99D94A}.Release|Any CPU.Build.0 = Release|Any CPU
	EndGlobalSection
	GlobalSection(SolutionProperties) = preSolution
		HideSolutionNode = FALSE
	EndGlobalSection
	GlobalSection(ExtensibilityGlobals) = postSolution
		SolutionGuid = {BB6EF8E9-E1A8-40DD-BB2E-2CD34EE11508}
	EndGlobalSection
EndGlobal
